// !$*UTF8*$!
{
	archiveVersion = 1;
	classes = {
	};
	objectVersion = 50;
	objects = {

/* Begin PBXBuildFile section */
		B30256C0226A1772008CEE3E /* MetalKit.framework in Frameworks */ = {isa = PBXBuildFile; fileRef = B30256BF226A1772008CEE3E /* MetalKit.framework */; };
		B3D7D10B2271DFBF001C0017 /* SampleMetalViewController.swift in Sources */ = {isa = PBXBuildFile; fileRef = B3D7D1032271DFBF001C0017 /* SampleMetalViewController.swift */; };
		B3D7D10C2271DFBF001C0017 /* AppDelegate.swift in Sources */ = {isa = PBXBuildFile; fileRef = B3D7D1042271DFBF001C0017 /* AppDelegate.swift */; };
		B3D7D10D2271DFBF001C0017 /* BasicMetalRenderer.swift in Sources */ = {isa = PBXBuildFile; fileRef = B3D7D1052271DFBF001C0017 /* BasicMetalRenderer.swift */; };
		B3D7D10F2271DFBF001C0017 /* Splash.storyboard in Resources */ = {isa = PBXBuildFile; fileRef = B3D7D1082271DFBF001C0017 /* Splash.storyboard */; };
		B3D7D1102271DFBF001C0017 /* Main.storyboard in Resources */ = {isa = PBXBuildFile; fileRef = B3D7D1092271DFBF001C0017 /* Main.storyboard */; };
		B3D7D1112271DFBF001C0017 /* Assets.xcassets in Resources */ = {isa = PBXBuildFile; fileRef = B3D7D10A2271DFBF001C0017 /* Assets.xcassets */; };
		B3D7D1162271E04D001C0017 /* Shaders.metal in Sources */ = {isa = PBXBuildFile; fileRef = B3D7D1132271E04D001C0017 /* Shaders.metal */; };
/* End PBXBuildFile section */

/* Begin PBXFileReference section */
		B3025699226A154C008CEE3E /* MetalTemplate.app */ = {isa = PBXFileReference; explicitFileType = wrapper.application; includeInIndex = 0; path = MetalTemplate.app; sourceTree = BUILT_PRODUCTS_DIR; };
		B30256BF226A1772008CEE3E /* MetalKit.framework */ = {isa = PBXFileReference; lastKnownFileType = wrapper.framework; name = MetalKit.framework; path = System/Library/Frameworks/MetalKit.framework; sourceTree = SDKROOT; };
		B3D7D1032271DFBF001C0017 /* SampleMetalViewController.swift */ = {isa = PBXFileReference; fileEncoding = 4; lastKnownFileType = sourcecode.swift; path = SampleMetalViewController.swift; sourceTree = "<group>"; };
		B3D7D1042271DFBF001C0017 /* AppDelegate.swift */ = {isa = PBXFileReference; fileEncoding = 4; lastKnownFileType = sourcecode.swift; path = AppDelegate.swift; sourceTree = "<group>"; };
		B3D7D1052271DFBF001C0017 /* BasicMetalRenderer.swift */ = {isa = PBXFileReference; fileEncoding = 4; lastKnownFileType = sourcecode.swift; path = BasicMetalRenderer.swift; sourceTree = "<group>"; };
		B3D7D1062271DFBF001C0017 /* Info.plist */ = {isa = PBXFileReference; fileEncoding = 4; lastKnownFileType = text.plist.xml; path = Info.plist; sourceTree = "<group>"; };
		B3D7D1082271DFBF001C0017 /* Splash.storyboard */ = {isa = PBXFileReference; fileEncoding = 4; lastKnownFileType = file.storyboard; path = Splash.storyboard; sourceTree = "<group>"; };
		B3D7D1092271DFBF001C0017 /* Main.storyboard */ = {isa = PBXFileReference; fileEncoding = 4; lastKnownFileType = file.storyboard; path = Main.storyboard; sourceTree = "<group>"; };
		B3D7D10A2271DFBF001C0017 /* Assets.xcassets */ = {isa = PBXFileReference; lastKnownFileType = folder.assetcatalog; path = Assets.xcassets; sourceTree = "<group>"; };
		B3D7D1132271E04D001C0017 /* Shaders.metal */ = {isa = PBXFileReference; fileEncoding = 4; lastKnownFileType = sourcecode.metal; path = Shaders.metal; sourceTree = "<group>"; };
		B3D7D1142271E04D001C0017 /* Bridging-Header.h */ = {isa = PBXFileReference; fileEncoding = 4; lastKnownFileType = sourcecode.c.h; path = "Bridging-Header.h"; sourceTree = "<group>"; };
		B3D7D1152271E04D001C0017 /* MyShaderTypes.h */ = {isa = PBXFileReference; fileEncoding = 4; lastKnownFileType = sourcecode.c.h; path = MyShaderTypes.h; sourceTree = "<group>"; };
/* End PBXFileReference section */

/* Begin PBXFrameworksBuildPhase section */
		B3025696226A154C008CEE3E /* Frameworks */ = {
			isa = PBXFrameworksBuildPhase;
			buildActionMask = 2147483647;
			files = (
				B30256C0226A1772008CEE3E /* MetalKit.framework in Frameworks */,
			);
			runOnlyForDeploymentPostprocessing = 0;
		};
/* End PBXFrameworksBuildPhase section */

/* Begin PBXGroup section */
		B3025690226A154C008CEE3E = {
			isa = PBXGroup;
			children = (
				B3D7D1012271DFBF001C0017 /* DoughnutShader */,
				B302569A226A154C008CEE3E /* Products */,
				B30256BE226A1772008CEE3E /* Frameworks */,
			);
			sourceTree = "<group>";
		};
		B302569A226A154C008CEE3E /* Products */ = {
			isa = PBXGroup;
			children = (
				B3025699226A154C008CEE3E /* MetalTemplate.app */,
			);
			name = Products;
			sourceTree = "<group>";
		};
		B30256BE226A1772008CEE3E /* Frameworks */ = {
			isa = PBXGroup;
			children = (
				B30256BF226A1772008CEE3E /* MetalKit.framework */,
			);
			name = Frameworks;
			sourceTree = "<group>";
		};
		B3D7D1012271DFBF001C0017 /* DoughnutShader */ = {
			isa = PBXGroup;
			children = (
				B3D7D1022271DFBF001C0017 /* Code */,
				B3D7D1072271DFBF001C0017 /* Resources */,
				B3D7D1062271DFBF001C0017 /* Info.plist */,
			);
			path = DoughnutShader;
			sourceTree = "<group>";
		};
		B3D7D1022271DFBF001C0017 /* Code */ = {
			isa = PBXGroup;
			children = (
				B3D7D1122271E04D001C0017 /* metal */,
				B3D7D1032271DFBF001C0017 /* SampleMetalViewController.swift */,
				B3D7D1042271DFBF001C0017 /* AppDelegate.swift */,
				B3D7D1052271DFBF001C0017 /* BasicMetalRenderer.swift */,
			);
			path = Code;
			sourceTree = "<group>";
		};
		B3D7D1072271DFBF001C0017 /* Resources */ = {
			isa = PBXGroup;
			children = (
				B3D7D1082271DFBF001C0017 /* Splash.storyboard */,
				B3D7D1092271DFBF001C0017 /* Main.storyboard */,
				B3D7D10A2271DFBF001C0017 /* Assets.xcassets */,
			);
			path = Resources;
			sourceTree = "<group>";
		};
		B3D7D1122271E04D001C0017 /* metal */ = {
			isa = PBXGroup;
			children = (
				B3D7D1132271E04D001C0017 /* Shaders.metal */,
				B3D7D1142271E04D001C0017 /* Bridging-Header.h */,
				B3D7D1152271E04D001C0017 /* MyShaderTypes.h */,
			);
			path = metal;
			sourceTree = "<group>";
		};
/* End PBXGroup section */

/* Begin PBXNativeTarget section */
		B3025698226A154C008CEE3E /* MetalTemplate */ = {
			isa = PBXNativeTarget;
			buildConfigurationList = B30256AB226A154D008CEE3E /* Build configuration list for PBXNativeTarget "MetalTemplate" */;
			buildPhases = (
				B3025695226A154C008CEE3E /* Sources */,
				B3025696226A154C008CEE3E /* Frameworks */,
				B3025697226A154C008CEE3E /* Resources */,
			);
			buildRules = (
			);
			dependencies = (
			);
			name = MetalTemplate;
			productName = MetalTemplate;
			productReference = B3025699226A154C008CEE3E /* MetalTemplate.app */;
			productType = "com.apple.product-type.application";
		};
/* End PBXNativeTarget section */

/* Begin PBXProject section */
		B3025691226A154C008CEE3E /* Project object */ = {
			isa = PBXProject;
			attributes = {
				LastSwiftUpdateCheck = 1010;
				LastUpgradeCheck = 1010;
				ORGANIZATIONNAME = Leonid;
				TargetAttributes = {
					B3025698226A154C008CEE3E = {
						CreatedOnToolsVersion = 10.1;
					};
				};
			};
			buildConfigurationList = B3025694226A154C008CEE3E /* Build configuration list for PBXProject "DoughnutShader" */;
			compatibilityVersion = "Xcode 9.3";
			developmentRegion = en;
			hasScannedForEncodings = 0;
			knownRegions = (
				en,
				Base,
			);
			mainGroup = B3025690226A154C008CEE3E;
			productRefGroup = B302569A226A154C008CEE3E /* Products */;
			projectDirPath = "";
			projectRoot = "";
			targets = (
				B3025698226A154C008CEE3E /* MetalTemplate */,
			);
		};
/* End PBXProject section */

/* Begin PBXResourcesBuildPhase section */
		B3025697226A154C008CEE3E /* Resources */ = {
			isa = PBXResourcesBuildPhase;
			buildActionMask = 2147483647;
			files = (
				B3D7D1102271DFBF001C0017 /* Main.storyboard in Resources */,
				B3D7D1112271DFBF001C0017 /* Assets.xcassets in Resources */,
				B3D7D10F2271DFBF001C0017 /* Splash.storyboard in Resources */,
			);
			runOnlyForDeploymentPostprocessing = 0;
		};
/* End PBXResourcesBuildPhase section */

/* Begin PBXSourcesBuildPhase section */
		B3025695226A154C008CEE3E /* Sources */ = {
			isa = PBXSourcesBuildPhase;
			buildActionMask = 2147483647;
			files = (
				B3D7D10C2271DFBF001C0017 /* AppDelegate.swift in Sources */,
				B3D7D10B2271DFBF001C0017 /* SampleMetalViewController.swift in Sources */,
				B3D7D1162271E04D001C0017 /* Shaders.metal in Sources */,
				B3D7D10D2271DFBF001C0017 /* BasicMetalRenderer.swift in Sources */,
			);
			runOnlyForDeploymentPostprocessing = 0;
		};
/* End PBXSourcesBuildPhase section */

/* Begin XCBuildConfiguration section */
		B30256A9226A154D008CEE3E /* Debug */ = {
			isa = XCBuildConfiguration;
			buildSettings = {
				ALWAYS_SEARCH_USER_PATHS = NO;
				CLANG_ANALYZER_NONNULL = YES;
				CLANG_ANALYZER_NUMBER_OBJECT_CONVERSION = YES_AGGRESSIVE;
				CLANG_CXX_LANGUAGE_STANDARD = "gnu++14";
				CLANG_CXX_LIBRARY = "libc++";
				CLANG_ENABLE_MODULES = YES;
				CLANG_ENABLE_OBJC_ARC = YES;
				CLANG_ENABLE_OBJC_WEAK = YES;
				CLANG_WARN_BLOCK_CAPTURE_AUTORELEASING = YES;
				CLANG_WARN_BOOL_CONVERSION = YES;
				CLANG_WARN_COMMA = YES;
				CLANG_WARN_CONSTANT_CONVERSION = YES;
				CLANG_WARN_DEPRECATED_OBJC_IMPLEMENTATIONS = YES;
				CLANG_WARN_DIRECT_OBJC_ISA_USAGE = YES_ERROR;
				CLANG_WARN_DOCUMENTATION_COMMENTS = YES;
				CLANG_WARN_EMPTY_BODY = YES;
				CLANG_WARN_ENUM_CONVERSION = YES;
				CLANG_WARN_INFINITE_RECURSION = YES;
				CLANG_WARN_INT_CONVERSION = YES;
				CLANG_WARN_NON_LITERAL_NULL_CONVERSION = YES;
				CLANG_WARN_OBJC_IMPLICIT_RETAIN_SELF = YES;
				CLANG_WARN_OBJC_LITERAL_CONVERSION = YES;
				CLANG_WARN_OBJC_ROOT_CLASS = YES_ERROR;
				CLANG_WARN_RANGE_LOOP_ANALYSIS = YES;
				CLANG_WARN_STRICT_PROTOTYPES = YES;
				CLANG_WARN_SUSPICIOUS_MOVE = YES;
				CLANG_WARN_UNGUARDED_AVAILABILITY = YES_AGGRESSIVE;
				CLANG_WARN_UNREACHABLE_CODE = YES;
				CLANG_WARN__DUPLICATE_METHOD_MATCH = YES;
				CODE_SIGN_IDENTITY = "iPhone Developer";
				COPY_PHASE_STRIP = NO;
				DEBUG_INFORMATION_FORMAT = dwarf;
				ENABLE_STRICT_OBJC_MSGSEND = YES;
				ENABLE_TESTABILITY = YES;
				GCC_C_LANGUAGE_STANDARD = gnu11;
				GCC_DYNAMIC_NO_PIC = NO;
				GCC_NO_COMMON_BLOCKS = YES;
				GCC_OPTIMIZATION_LEVEL = 0;
				GCC_PREPROCESSOR_DEFINITIONS = (
					"DEBUG=1",
					"$(inherited)",
				);
				GCC_WARN_64_TO_32_BIT_CONVERSION = YES;
				GCC_WARN_ABOUT_RETURN_TYPE = YES_ERROR;
				GCC_WARN_UNDECLARED_SELECTOR = YES;
				GCC_WARN_UNINITIALIZED_AUTOS = YES_AGGRESSIVE;
				GCC_WARN_UNUSED_FUNCTION = YES;
				GCC_WARN_UNUSED_VARIABLE = YES;
				IPHONEOS_DEPLOYMENT_TARGET = 10.3;
				MTL_ENABLE_DEBUG_INFO = INCLUDE_SOURCE;
				MTL_FAST_MATH = YES;
				ONLY_ACTIVE_ARCH = YES;
				SDKROOT = iphoneos;
				SWIFT_ACTIVE_COMPILATION_CONDITIONS = DEBUG;
				SWIFT_OPTIMIZATION_LEVEL = "-Onone";
			};
			name = Debug;
		};
		B30256AA226A154D008CEE3E /* Release */ = {
			isa = XCBuildConfiguration;
			buildSettings = {
				ALWAYS_SEARCH_USER_PATHS = NO;
				CLANG_ANALYZER_NONNULL = YES;
				CLANG_ANALYZER_NUMBER_OBJECT_CONVERSION = YES_AGGRESSIVE;
				CLANG_CXX_LANGUAGE_STANDARD = "gnu++14";
				CLANG_CXX_LIBRARY = "libc++";
				CLANG_ENABLE_MODULES = YES;
				CLANG_ENABLE_OBJC_ARC = YES;
				CLANG_ENABLE_OBJC_WEAK = YES;
				CLANG_WARN_BLOCK_CAPTURE_AUTORELEASING = YES;
				CLANG_WARN_BOOL_CONVERSION = YES;
				CLANG_WARN_COMMA = YES;
				CLANG_WARN_CONSTANT_CONVERSION = YES;
				CLANG_WARN_DEPRECATED_OBJC_IMPLEMENTATIONS = YES;
				CLANG_WARN_DIRECT_OBJC_ISA_USAGE = YES_ERROR;
				CLANG_WARN_DOCUMENTATION_COMMENTS = YES;
				CLANG_WARN_EMPTY_BODY = YES;
				CLANG_WARN_ENUM_CONVERSION = YES;
				CLANG_WARN_INFINITE_RECURSION = YES;
				CLANG_WARN_INT_CONVERSION = YES;
				CLANG_WARN_NON_LITERAL_NULL_CONVERSION = YES;
				CLANG_WARN_OBJC_IMPLICIT_RETAIN_SELF = YES;
				CLANG_WARN_OBJC_LITERAL_CONVERSION = YES;
				CLANG_WARN_OBJC_ROOT_CLASS = YES_ERROR;
				CLANG_WARN_RANGE_LOOP_ANALYSIS = YES;
				CLANG_WARN_STRICT_PROTOTYPES = YES;
				CLANG_WARN_SUSPICIOUS_MOVE = YES;
				CLANG_WARN_UNGUARDED_AVAILABILITY = YES_AGGRESSIVE;
				CLANG_WARN_UNREACHABLE_CODE = YES;
				CLANG_WARN__DUPLICATE_METHOD_MATCH = YES;
				CODE_SIGN_IDENTITY = "iPhone Developer";
				COPY_PHASE_STRIP = NO;
				DEBUG_INFORMATION_FORMAT = "dwarf-with-dsym";
				ENABLE_NS_ASSERTIONS = NO;
				ENABLE_STRICT_OBJC_MSGSEND = YES;
				GCC_C_LANGUAGE_STANDARD = gnu11;
				GCC_NO_COMMON_BLOCKS = YES;
				GCC_WARN_64_TO_32_BIT_CONVERSION = YES;
				GCC_WARN_ABOUT_RETURN_TYPE = YES_ERROR;
				GCC_WARN_UNDECLARED_SELECTOR = YES;
				GCC_WARN_UNINITIALIZED_AUTOS = YES_AGGRESSIVE;
				GCC_WARN_UNUSED_FUNCTION = YES;
				GCC_WARN_UNUSED_VARIABLE = YES;
				IPHONEOS_DEPLOYMENT_TARGET = 10.3;
				MTL_ENABLE_DEBUG_INFO = NO;
				MTL_FAST_MATH = YES;
				SDKROOT = iphoneos;
				SWIFT_COMPILATION_MODE = wholemodule;
				SWIFT_OPTIMIZATION_LEVEL = "-O";
				VALIDATE_PRODUCT = YES;
			};
			name = Release;
		};
		B30256AC226A154D008CEE3E /* Debug */ = {
			isa = XCBuildConfiguration;
			buildSettings = {
				ASSETCATALOG_COMPILER_APPICON_NAME = AppIcon;
				CODE_SIGN_STYLE = Manual;
				DEVELOPMENT_TEAM = 2ULV4W97N2;
				INFOPLIST_FILE = "$(SRCROOT)/DoughnutShader/Info.plist";
				LD_RUNPATH_SEARCH_PATHS = (
					"$(inherited)",
					"@executable_path/Frameworks",
				);
				PRODUCT_BUNDLE_IDENTIFIER = lu.luxtrust.MetalTemplate;
				PRODUCT_NAME = "$(TARGET_NAME)";
				PROVISIONING_PROFILE_SPECIFIER = "LuxTrust Wildcard Development profile";
				SWIFT_OBJC_BRIDGING_HEADER = "DoughnutShader/Code/metal/Bridging-Header.h";
				SWIFT_VERSION = 4.2;
				TARGETED_DEVICE_FAMILY = "1,2";
			};
			name = Debug;
		};
		B30256AD226A154D008CEE3E /* Release */ = {
			isa = XCBuildConfiguration;
			buildSettings = {
				ASSETCATALOG_COMPILER_APPICON_NAME = AppIcon;
				CODE_SIGN_STYLE = Manual;
				DEVELOPMENT_TEAM = "";
				INFOPLIST_FILE = "$(SRCROOT)/DoughnutShader/Info.plist";
				LD_RUNPATH_SEARCH_PATHS = (
					"$(inherited)",
					"@executable_path/Frameworks",
				);
				PRODUCT_BUNDLE_IDENTIFIER = lu.luxtrust.MetalTemplate;
				PRODUCT_NAME = "$(TARGET_NAME)";
				PROVISIONING_PROFILE_SPECIFIER = "";
				SWIFT_OBJC_BRIDGING_HEADER = "DoughnutShader/Code/metal/Bridging-Header.h";
				SWIFT_VERSION = 4.2;
				TARGETED_DEVICE_FAMILY = "1,2";
			};
			name = Release;
		};
/* End XCBuildConfiguration section */

/* Begin XCConfigurationList section */
		B3025694226A154C008CEE3E /* Build configuration list for PBXProject "DoughnutShader" */ = {
			isa = XCConfigurationList;
			buildConfigurations = (
				B30256A9226A154D008CEE3E /* Debug */,
				B30256AA226A154D008CEE3E /* Release */,
			);
			defaultConfigurationIsVisible = 0;
			defaultConfigurationName = Release;
		};
		B30256AB226A154D008CEE3E /* Build configuration list for PBXNativeTarget "MetalTemplate" */ = {
			isa = XCConfigurationList;
			buildConfigurations = (
				B30256AC226A154D008CEE3E /* Debug */,
				B30256AD226A154D008CEE3E /* Release */,
			);
			defaultConfigurationIsVisible = 0;
			defaultConfigurationName = Release;
		};
/* End XCConfigurationList section */
	};
	rootObject = B3025691226A154C008CEE3E /* Project object */;
}
