// !$*UTF8*$!
{
	archiveVersion = 1;
	classes = {
	};
	objectVersion = 50;
	objects = {

/* Begin PBXBuildFile section */
		3E464DE020BA0E3A0080BD25 /* README.md in Resources */ = {isa = PBXBuildFile; fileRef = 3E464DDF20BA0E3A0080BD25 /* README.md */; };
		3E4DE7AD2099D064006B6CE2 /* AppDelegate.swift in Sources */ = {isa = PBXBuildFile; fileRef = 3E4DE7AC2099D064006B6CE2 /* AppDelegate.swift */; };
		3E4DE7AF2099D064006B6CE2 /* ViewController.swift in Sources */ = {isa = PBXBuildFile; fileRef = 3E4DE7AE2099D064006B6CE2 /* ViewController.swift */; };
		3E4DE7B22099D064006B6CE2 /* Main.storyboard in Resources */ = {isa = PBXBuildFile; fileRef = 3E4DE7B02099D064006B6CE2 /* Main.storyboard */; };
		3E4DE7B42099D064006B6CE2 /* Assets.xcassets in Resources */ = {isa = PBXBuildFile; fileRef = 3E4DE7B32099D064006B6CE2 /* Assets.xcassets */; };
		3E4DE7B72099D064006B6CE2 /* LaunchScreen.storyboard in Resources */ = {isa = PBXBuildFile; fileRef = 3E4DE7B52099D064006B6CE2 /* LaunchScreen.storyboard */; };
		3E4DE7C02099D1E9006B6CE2 /* SceneKitSupport.swift in Sources */ = {isa = PBXBuildFile; fileRef = 3E4DE7BF2099D1E8006B6CE2 /* SceneKitSupport.swift */; };
/* End PBXBuildFile section */

/* Begin PBXFileReference section */
		1E4A8C001E4A7CA000000001 /* LICENSE.txt */ = {isa = PBXFileReference; includeInIndex = 1; lastKnownFileType = text; path = LICENSE.txt; sourceTree = "<group>"; };
		1E5B61001E5B4D4000000001 /* SampleCode.xcconfig */ = {isa = PBXFileReference; lastKnownFileType = text.xcconfig; name = SampleCode.xcconfig; path = Configuration/SampleCode.xcconfig; sourceTree = "<group>"; };
		3E464DDF20BA0E3A0080BD25 /* README.md */ = {isa = PBXFileReference; fileEncoding = 4; lastKnownFileType = net.daringfireball.markdown; path = README.md; sourceTree = "<group>"; };
		3E4DE7A92099D064006B6CE2 /* Quaternion-Demonstration.app */ = {isa = PBXFileReference; explicitFileType = wrapper.application; includeInIndex = 0; path = "Quaternion-Demonstration.app"; sourceTree = BUILT_PRODUCTS_DIR; };
		3E4DE7AC2099D064006B6CE2 /* AppDelegate.swift */ = {isa = PBXFileReference; lastKnownFileType = sourcecode.swift; path = AppDelegate.swift; sourceTree = "<group>"; };
		3E4DE7AE2099D064006B6CE2 /* ViewController.swift */ = {isa = PBXFileReference; lastKnownFileType = sourcecode.swift; path = ViewController.swift; sourceTree = "<group>"; };
		3E4DE7B12099D064006B6CE2 /* Base */ = {isa = PBXFileReference; lastKnownFileType = file.storyboard; name = Base; path = Base.lproj/Main.storyboard; sourceTree = "<group>"; };
		3E4DE7B32099D064006B6CE2 /* Assets.xcassets */ = {isa = PBXFileReference; lastKnownFileType = folder.assetcatalog; path = Assets.xcassets; sourceTree = "<group>"; };
		3E4DE7B62099D064006B6CE2 /* Base */ = {isa = PBXFileReference; lastKnownFileType = file.storyboard; name = Base; path = Base.lproj/LaunchScreen.storyboard; sourceTree = "<group>"; };
		3E4DE7B82099D064006B6CE2 /* Info.plist */ = {isa = PBXFileReference; lastKnownFileType = text.plist.xml; path = Info.plist; sourceTree = "<group>"; };
		3E4DE7BF2099D1E8006B6CE2 /* SceneKitSupport.swift */ = {isa = PBXFileReference; fileEncoding = 4; lastKnownFileType = sourcecode.swift; path = SceneKitSupport.swift; sourceTree = "<group>"; };
/* End PBXFileReference section */

/* Begin PBXFrameworksBuildPhase section */
		3E4DE7A62099D064006B6CE2 /* Frameworks */ = {
			isa = PBXFrameworksBuildPhase;
			buildActionMask = 2147483647;
			files = (
			);
			runOnlyForDeploymentPostprocessing = 0;
		};
/* End PBXFrameworksBuildPhase section */

/* Begin PBXGroup section */
		1E4B65D01E4A5F5000000001 /* LICENSE */ = {
			isa = PBXGroup;
			children = (
				1E4A8C001E4A7CA000000001 /* LICENSE.txt */,
			);
			path = LICENSE;
			sourceTree = "<group>";
		};
		1E5B64201E5B560000000001 /* Configuration */ = {
			isa = PBXGroup;
			children = (
				1E5B61001E5B4D4000000001 /* SampleCode.xcconfig */,
			);
			name = Configuration;
			sourceTree = "<group>";
		};
		3E4DE7A02099D064006B6CE2 = {
			isa = PBXGroup;
			children = (
				3E464DDF20BA0E3A0080BD25 /* README.md */,
				3E4DE7AB2099D064006B6CE2 /* Quaternion-Demonstration */,
				3E4DE7AA2099D064006B6CE2 /* Products */,
				1E5B64201E5B560000000001 /* Configuration */,
				1E4B65D01E4A5F5000000001 /* LICENSE */,
			);
			sourceTree = "<group>";
		};
		3E4DE7AA2099D064006B6CE2 /* Products */ = {
			isa = PBXGroup;
			children = (
				3E4DE7A92099D064006B6CE2 /* Quaternion-Demonstration.app */,
			);
			name = Products;
			sourceTree = "<group>";
		};
		3E4DE7AB2099D064006B6CE2 /* Quaternion-Demonstration */ = {
			isa = PBXGroup;
			children = (
				3E4DE7AC2099D064006B6CE2 /* AppDelegate.swift */,
				3E4DE7AE2099D064006B6CE2 /* ViewController.swift */,
				3E4DE7BF2099D1E8006B6CE2 /* SceneKitSupport.swift */,
				3E4DE7B02099D064006B6CE2 /* Main.storyboard */,
				3E4DE7B32099D064006B6CE2 /* Assets.xcassets */,
				3E4DE7B52099D064006B6CE2 /* LaunchScreen.storyboard */,
				3E4DE7B82099D064006B6CE2 /* Info.plist */,
			);
			path = "Quaternion-Demonstration";
			sourceTree = "<group>";
		};
/* End PBXGroup section */

/* Begin PBXNativeTarget section */
		3E4DE7A82099D064006B6CE2 /* Quaternion-Demonstration */ = {
			isa = PBXNativeTarget;
			buildConfigurationList = 3E4DE7BB2099D064006B6CE2 /* Build configuration list for PBXNativeTarget "Quaternion-Demonstration" */;
			buildPhases = (
				3E4DE7A52099D064006B6CE2 /* Sources */,
				3E4DE7A62099D064006B6CE2 /* Frameworks */,
				3E4DE7A72099D064006B6CE2 /* Resources */,
			);
			buildRules = (
			);
			dependencies = (
			);
			name = "Quaternion-Demonstration";
			productName = "Quaternion-Demonstration";
			productReference = 3E4DE7A92099D064006B6CE2 /* Quaternion-Demonstration.app */;
			productType = "com.apple.product-type.application";
		};
/* End PBXNativeTarget section */

/* Begin PBXProject section */
		3E4DE7A12099D064006B6CE2 /* Project object */ = {
			isa = PBXProject;
			attributes = {
				LastSwiftUpdateCheck = 0930;
				LastUpgradeCheck = 0930;
				ORGANIZATIONNAME = Apple;
				TargetAttributes = {
					3E4DE7A82099D064006B6CE2 = {
						CreatedOnToolsVersion = 9.3;
						LastSwiftMigration = 1000;
					};
				};
			};
			buildConfigurationList = 3E4DE7A42099D064006B6CE2 /* Build configuration list for PBXProject "Quaternion-Demonstration" */;
			compatibilityVersion = "Xcode 9.3";
			developmentRegion = en;
			hasScannedForEncodings = 0;
			knownRegions = (
				en,
				Base,
			);
			mainGroup = 3E4DE7A02099D064006B6CE2;
			productRefGroup = 3E4DE7AA2099D064006B6CE2 /* Products */;
			projectDirPath = "";
			projectRoot = "";
			targets = (
				3E4DE7A82099D064006B6CE2 /* Quaternion-Demonstration */,
			);
		};
/* End PBXProject section */

/* Begin PBXResourcesBuildPhase section */
		3E4DE7A72099D064006B6CE2 /* Resources */ = {
			isa = PBXResourcesBuildPhase;
			buildActionMask = 2147483647;
			files = (
				3E4DE7B72099D064006B6CE2 /* LaunchScreen.storyboard in Resources */,
				3E4DE7B42099D064006B6CE2 /* Assets.xcassets in Resources */,
				3E464DE020BA0E3A0080BD25 /* README.md in Resources */,
				3E4DE7B22099D064006B6CE2 /* Main.storyboard in Resources */,
			);
			runOnlyForDeploymentPostprocessing = 0;
		};
/* End PBXResourcesBuildPhase section */

/* Begin PBXSourcesBuildPhase section */
		3E4DE7A52099D064006B6CE2 /* Sources */ = {
			isa = PBXSourcesBuildPhase;
			buildActionMask = 2147483647;
			files = (
				3E4DE7AF2099D064006B6CE2 /* ViewController.swift in Sources */,
				3E4DE7C02099D1E9006B6CE2 /* SceneKitSupport.swift in Sources */,
				3E4DE7AD2099D064006B6CE2 /* AppDelegate.swift in Sources */,
			);
			runOnlyForDeploymentPostprocessing = 0;
		};
/* End PBXSourcesBuildPhase section */

/* Begin PBXVariantGroup section */
		3E4DE7B02099D064006B6CE2 /* Main.storyboard */ = {
			isa = PBXVariantGroup;
			children = (
				3E4DE7B12099D064006B6CE2 /* Base */,
			);
			name = Main.storyboard;
			sourceTree = "<group>";
		};
		3E4DE7B52099D064006B6CE2 /* LaunchScreen.storyboard */ = {
			isa = PBXVariantGroup;
			children = (
				3E4DE7B62099D064006B6CE2 /* Base */,
			);
			name = LaunchScreen.storyboard;
			sourceTree = "<group>";
		};
/* End PBXVariantGroup section */

/* Begin XCBuildConfiguration section */
		3E4DE7B92099D064006B6CE2 /* Debug */ = {
			isa = XCBuildConfiguration;
			baseConfigurationReference = 1E5B61001E5B4D4000000001 /* SampleCode.xcconfig */;
			buildSettings = {
				ALWAYS_SEARCH_USER_PATHS = NO;
				CLANG_ANALYZER_NONNULL = YES;
				CLANG_ANALYZER_NUMBER_OBJECT_CONVERSION = YES_AGGRESSIVE;
				CLANG_CXX_LANGUAGE_STANDARD = "gnu++14";
				CLANG_CXX_LIBRARY = "libc++";
				CLANG_ENABLE_MODULES = YES;
				CLANG_ENABLE_OBJC_ARC = YES;
				CLANG_ENABLE_OBJC_WEAK = YES;
				CLANG_WARN_BLOCK_CAPTURE_AUTORELEASING = YES;
				CLANG_WARN_BOOL_CONVERSION = YES;
				CLANG_WARN_COMMA = YES;
				CLANG_WARN_CONSTANT_CONVERSION = YES;
				CLANG_WARN_DEPRECATED_OBJC_IMPLEMENTATIONS = YES;
				CLANG_WARN_DIRECT_OBJC_ISA_USAGE = YES_ERROR;
				CLANG_WARN_DOCUMENTATION_COMMENTS = YES;
				CLANG_WARN_EMPTY_BODY = YES;
				CLANG_WARN_ENUM_CONVERSION = YES;
				CLANG_WARN_INFINITE_RECURSION = YES;
				CLANG_WARN_INT_CONVERSION = YES;
				CLANG_WARN_NON_LITERAL_NULL_CONVERSION = YES;
				CLANG_WARN_OBJC_IMPLICIT_RETAIN_SELF = YES;
				CLANG_WARN_OBJC_LITERAL_CONVERSION = YES;
				CLANG_WARN_OBJC_ROOT_CLASS = YES_ERROR;
				CLANG_WARN_RANGE_LOOP_ANALYSIS = YES;
				CLANG_WARN_STRICT_PROTOTYPES = YES;
				CLANG_WARN_SUSPICIOUS_MOVE = YES;
				CLANG_WARN_UNGUARDED_AVAILABILITY = YES_AGGRESSIVE;
				CLANG_WARN_UNREACHABLE_CODE = YES;
				CLANG_WARN__DUPLICATE_METHOD_MATCH = YES;
				CODE_SIGN_IDENTITY = "iPhone Developer";
				COPY_PHASE_STRIP = NO;
				DEBUG_INFORMATION_FORMAT = dwarf;
				ENABLE_STRICT_OBJC_MSGSEND = YES;
				ENABLE_TESTABILITY = YES;
				GCC_C_LANGUAGE_STANDARD = gnu11;
				GCC_DYNAMIC_NO_PIC = NO;
				GCC_NO_COMMON_BLOCKS = YES;
				GCC_OPTIMIZATION_LEVEL = 0;
				GCC_PREPROCESSOR_DEFINITIONS = (
					"DEBUG=1",
					"$(inherited)",
				);
				GCC_WARN_64_TO_32_BIT_CONVERSION = YES;
				GCC_WARN_ABOUT_RETURN_TYPE = YES_ERROR;
				GCC_WARN_UNDECLARED_SELECTOR = YES;
				GCC_WARN_UNINITIALIZED_AUTOS = YES_AGGRESSIVE;
				GCC_WARN_UNUSED_FUNCTION = YES;
				GCC_WARN_UNUSED_VARIABLE = YES;
				IPHONEOS_DEPLOYMENT_TARGET = 11.1;
				MTL_ENABLE_DEBUG_INFO = YES;
				ONLY_ACTIVE_ARCH = YES;
				SDKROOT = iphoneos;
				SWIFT_ACTIVE_COMPILATION_CONDITIONS = DEBUG;
				SWIFT_OPTIMIZATION_LEVEL = "-Onone";
			};
			name = Debug;
		};
		3E4DE7BA2099D064006B6CE2 /* Release */ = {
			isa = XCBuildConfiguration;
			baseConfigurationReference = 1E5B61001E5B4D4000000001 /* SampleCode.xcconfig */;
			buildSettings = {
				ALWAYS_SEARCH_USER_PATHS = NO;
				CLANG_ANALYZER_NONNULL = YES;
				CLANG_ANALYZER_NUMBER_OBJECT_CONVERSION = YES_AGGRESSIVE;
				CLANG_CXX_LANGUAGE_STANDARD = "gnu++14";
				CLANG_CXX_LIBRARY = "libc++";
				CLANG_ENABLE_MODULES = YES;
				CLANG_ENABLE_OBJC_ARC = YES;
				CLANG_ENABLE_OBJC_WEAK = YES;
				CLANG_WARN_BLOCK_CAPTURE_AUTORELEASING = YES;
				CLANG_WARN_BOOL_CONVERSION = YES;
				CLANG_WARN_COMMA = YES;
				CLANG_WARN_CONSTANT_CONVERSION = YES;
				CLANG_WARN_DEPRECATED_OBJC_IMPLEMENTATIONS = YES;
				CLANG_WARN_DIRECT_OBJC_ISA_USAGE = YES_ERROR;
				CLANG_WARN_DOCUMENTATION_COMMENTS = YES;
				CLANG_WARN_EMPTY_BODY = YES;
				CLANG_WARN_ENUM_CONVERSION = YES;
				CLANG_WARN_INFINITE_RECURSION = YES;
				CLANG_WARN_INT_CONVERSION = YES;
				CLANG_WARN_NON_LITERAL_NULL_CONVERSION = YES;
				CLANG_WARN_OBJC_IMPLICIT_RETAIN_SELF = YES;
				CLANG_WARN_OBJC_LITERAL_CONVERSION = YES;
				CLANG_WARN_OBJC_ROOT_CLASS = YES_ERROR;
				CLANG_WARN_RANGE_LOOP_ANALYSIS = YES;
				CLANG_WARN_STRICT_PROTOTYPES = YES;
				CLANG_WARN_SUSPICIOUS_MOVE = YES;
				CLANG_WARN_UNGUARDED_AVAILABILITY = YES_AGGRESSIVE;
				CLANG_WARN_UNREACHABLE_CODE = YES;
				CLANG_WARN__DUPLICATE_METHOD_MATCH = YES;
				CODE_SIGN_IDENTITY = "iPhone Developer";
				COPY_PHASE_STRIP = NO;
				DEBUG_INFORMATION_FORMAT = "dwarf-with-dsym";
				ENABLE_NS_ASSERTIONS = NO;
				ENABLE_STRICT_OBJC_MSGSEND = YES;
				GCC_C_LANGUAGE_STANDARD = gnu11;
				GCC_NO_COMMON_BLOCKS = YES;
				GCC_WARN_64_TO_32_BIT_CONVERSION = YES;
				GCC_WARN_ABOUT_RETURN_TYPE = YES_ERROR;
				GCC_WARN_UNDECLARED_SELECTOR = YES;
				GCC_WARN_UNINITIALIZED_AUTOS = YES_AGGRESSIVE;
				GCC_WARN_UNUSED_FUNCTION = YES;
				GCC_WARN_UNUSED_VARIABLE = YES;
				IPHONEOS_DEPLOYMENT_TARGET = 11.1;
				MTL_ENABLE_DEBUG_INFO = NO;
				SDKROOT = iphoneos;
				SWIFT_COMPILATION_MODE = wholemodule;
				SWIFT_OPTIMIZATION_LEVEL = "-O";
				VALIDATE_PRODUCT = YES;
			};
			name = Release;
		};
		3E4DE7BC2099D064006B6CE2 /* Debug */ = {
			isa = XCBuildConfiguration;
			baseConfigurationReference = 1E5B61001E5B4D4000000001 /* SampleCode.xcconfig */;
			buildSettings = {
				ASSETCATALOG_COMPILER_APPICON_NAME = AppIcon;
				CODE_SIGN_STYLE = Manual;
				DEVELOPMENT_TEAM = G99VP5HXV7;
				INFOPLIST_FILE = "Quaternion-Demonstration/Info.plist";
				LD_RUNPATH_SEARCH_PATHS = (
					"$(inherited)",
					"@executable_path/Frameworks",
				);
				PRODUCT_BUNDLE_IDENTIFIER = "com.pe.lokhmatoff.Quaternion-Demonstration";
				PRODUCT_NAME = "$(TARGET_NAME)";
				PROVISIONING_PROFILE_SPECIFIER = leeloo_dev_anyapp;
				SWIFT_VERSION = 4.2;
				TARGETED_DEVICE_FAMILY = "1,2";
			};
			name = Debug;
		};
		3E4DE7BD2099D064006B6CE2 /* Release */ = {
			isa = XCBuildConfiguration;
			baseConfigurationReference = 1E5B61001E5B4D4000000001 /* SampleCode.xcconfig */;
			buildSettings = {
				ASSETCATALOG_COMPILER_APPICON_NAME = AppIcon;
				CODE_SIGN_STYLE = Manual;
				DEVELOPMENT_TEAM = "";
				INFOPLIST_FILE = "Quaternion-Demonstration/Info.plist";
				LD_RUNPATH_SEARCH_PATHS = (
					"$(inherited)",
					"@executable_path/Frameworks",
				);
				PRODUCT_BUNDLE_IDENTIFIER = "com.pe.lokhmatoff.Quaternion-Demonstration";
				PRODUCT_NAME = "$(TARGET_NAME)";
				PROVISIONING_PROFILE_SPECIFIER = "";
				SWIFT_VERSION = 4.2;
				TARGETED_DEVICE_FAMILY = "1,2";
			};
			name = Release;
		};
/* End XCBuildConfiguration section */

/* Begin XCConfigurationList section */
		3E4DE7A42099D064006B6CE2 /* Build configuration list for PBXProject "Quaternion-Demonstration" */ = {
			isa = XCConfigurationList;
			buildConfigurations = (
				3E4DE7B92099D064006B6CE2 /* Debug */,
				3E4DE7BA2099D064006B6CE2 /* Release */,
			);
			defaultConfigurationIsVisible = 0;
			defaultConfigurationName = Release;
		};
		3E4DE7BB2099D064006B6CE2 /* Build configuration list for PBXNativeTarget "Quaternion-Demonstration" */ = {
			isa = XCConfigurationList;
			buildConfigurations = (
				3E4DE7BC2099D064006B6CE2 /* Debug */,
				3E4DE7BD2099D064006B6CE2 /* Release */,
			);
			defaultConfigurationIsVisible = 0;
			defaultConfigurationName = Release;
		};
/* End XCConfigurationList section */
	};
	rootObject = 3E4DE7A12099D064006B6CE2 /* Project object */;
}
