// !$*UTF8*$!
{
	archiveVersion = 1;
	classes = {
	};
	objectVersion = 50;
	objects = {

/* Begin PBXBuildFile section */
		B3121A2B2266363000D2D913 /* MetalKit.framework in Frameworks */ = {isa = PBXBuildFile; fileRef = B3121A2A2266363000D2D913 /* MetalKit.framework */; };
		B3121A332266367800D2D913 /* AppDelegate.swift in Sources */ = {isa = PBXBuildFile; fileRef = B3121A2D2266367800D2D913 /* AppDelegate.swift */; };
		B3121A342266367800D2D913 /* ViewController.swift in Sources */ = {isa = PBXBuildFile; fileRef = B3121A2E2266367800D2D913 /* ViewController.swift */; };
		B3121A352266367800D2D913 /* LaunchScreen.storyboard in Resources */ = {isa = PBXBuildFile; fileRef = B3121A302266367800D2D913 /* LaunchScreen.storyboard */; };
		B3121A362266367800D2D913 /* Main.storyboard in Resources */ = {isa = PBXBuildFile; fileRef = B3121A312266367800D2D913 /* Main.storyboard */; };
		B3121A372266367800D2D913 /* Assets.xcassets in Resources */ = {isa = PBXBuildFile; fileRef = B3121A322266367800D2D913 /* Assets.xcassets */; };
		B3121A39226636CB00D2D913 /* MetalChartRenderer.swift in Sources */ = {isa = PBXBuildFile; fileRef = B3121A38226636CB00D2D913 /* MetalChartRenderer.swift */; };
		B3121A3D226637C100D2D913 /* ChartData.swift in Sources */ = {isa = PBXBuildFile; fileRef = B3121A3C226637C100D2D913 /* ChartData.swift */; };
		B3121A422266381A00D2D913 /* ChartShaders.metal in Sources */ = {isa = PBXBuildFile; fileRef = B3121A412266381A00D2D913 /* ChartShaders.metal */; };
		B3121A442266385B00D2D913 /* RenderingContext.swift in Sources */ = {isa = PBXBuildFile; fileRef = B3121A432266385B00D2D913 /* RenderingContext.swift */; };
		B3121A462266389A00D2D913 /* ViewPort.swift in Sources */ = {isa = PBXBuildFile; fileRef = B3121A452266389A00D2D913 /* ViewPort.swift */; };
		B3121A48226638D700D2D913 /* DimensionsConverter.swift in Sources */ = {isa = PBXBuildFile; fileRef = B3121A47226638D700D2D913 /* DimensionsConverter.swift */; };
		B3121A4A2266399100D2D913 /* CollectionUtils.swift in Sources */ = {isa = PBXBuildFile; fileRef = B3121A492266399100D2D913 /* CollectionUtils.swift */; };
		B38505912267764D003C8202 /* RawModels.swift in Sources */ = {isa = PBXBuildFile; fileRef = B38505872267764D003C8202 /* RawModels.swift */; };
		B38505922267764D003C8202 /* LogicCanvas.swift in Sources */ = {isa = PBXBuildFile; fileRef = B38505882267764D003C8202 /* LogicCanvas.swift */; };
		B38505932267764D003C8202 /* UIModels.swift in Sources */ = {isa = PBXBuildFile; fileRef = B38505892267764D003C8202 /* UIModels.swift */; };
		B38505942267764D003C8202 /* Models.swift in Sources */ = {isa = PBXBuildFile; fileRef = B385058A2267764D003C8202 /* Models.swift */; };
		B38505952267764D003C8202 /* PathModels.swift in Sources */ = {isa = PBXBuildFile; fileRef = B385058B2267764D003C8202 /* PathModels.swift */; };
		B38505962267764D003C8202 /* TestModels.swift in Sources */ = {isa = PBXBuildFile; fileRef = B385058C2267764D003C8202 /* TestModels.swift */; };
		B38505972267764D003C8202 /* Extentions.swift in Sources */ = {isa = PBXBuildFile; fileRef = B385058E2267764D003C8202 /* Extentions.swift */; };
		B38505982267764D003C8202 /* NSError+z42.swift in Sources */ = {isa = PBXBuildFile; fileRef = B385058F2267764D003C8202 /* NSError+z42.swift */; };
		B38505992267764D003C8202 /* UIColor+z42.swift in Sources */ = {isa = PBXBuildFile; fileRef = B38505902267764D003C8202 /* UIColor+z42.swift */; };
		B385059B2267939C003C8202 /* chart_data.json in Resources */ = {isa = PBXBuildFile; fileRef = B385059A2267939C003C8202 /* chart_data.json */; };
		E2DCE0EB22693118001C04CE /* PlaneRenderer.swift in Sources */ = {isa = PBXBuildFile; fileRef = E2DCE0EA22693118001C04CE /* PlaneRenderer.swift */; };
/* End PBXBuildFile section */

/* Begin PBXFileReference section */
		B3121A14226635E300D2D913 /* MtlTlgChart3.app */ = {isa = PBXFileReference; explicitFileType = wrapper.application; includeInIndex = 0; path = MtlTlgChart3.app; sourceTree = BUILT_PRODUCTS_DIR; };
		B3121A23226635E500D2D913 /* Info.plist */ = {isa = PBXFileReference; lastKnownFileType = text.plist.xml; path = Info.plist; sourceTree = "<group>"; };
		B3121A2A2266363000D2D913 /* MetalKit.framework */ = {isa = PBXFileReference; lastKnownFileType = wrapper.framework; name = MetalKit.framework; path = System/Library/Frameworks/MetalKit.framework; sourceTree = SDKROOT; };
		B3121A2D2266367800D2D913 /* AppDelegate.swift */ = {isa = PBXFileReference; fileEncoding = 4; lastKnownFileType = sourcecode.swift; path = AppDelegate.swift; sourceTree = "<group>"; };
		B3121A2E2266367800D2D913 /* ViewController.swift */ = {isa = PBXFileReference; fileEncoding = 4; lastKnownFileType = sourcecode.swift; path = ViewController.swift; sourceTree = "<group>"; };
		B3121A302266367800D2D913 /* LaunchScreen.storyboard */ = {isa = PBXFileReference; fileEncoding = 4; lastKnownFileType = file.storyboard; path = LaunchScreen.storyboard; sourceTree = "<group>"; };
		B3121A312266367800D2D913 /* Main.storyboard */ = {isa = PBXFileReference; fileEncoding = 4; lastKnownFileType = file.storyboard; path = Main.storyboard; sourceTree = "<group>"; };
		B3121A322266367800D2D913 /* Assets.xcassets */ = {isa = PBXFileReference; lastKnownFileType = folder.assetcatalog; path = Assets.xcassets; sourceTree = "<group>"; };
		B3121A38226636CB00D2D913 /* MetalChartRenderer.swift */ = {isa = PBXFileReference; fileEncoding = 4; lastKnownFileType = sourcecode.swift; path = MetalChartRenderer.swift; sourceTree = "<group>"; };
		B3121A3B2266378900D2D913 /* ChartBridging-Header.h */ = {isa = PBXFileReference; lastKnownFileType = sourcecode.c.h; path = "ChartBridging-Header.h"; sourceTree = "<group>"; };
		B3121A3C226637C100D2D913 /* ChartData.swift */ = {isa = PBXFileReference; fileEncoding = 4; lastKnownFileType = sourcecode.swift; path = ChartData.swift; sourceTree = "<group>"; };
		B3121A3F2266380700D2D913 /* ShaderTypes.h */ = {isa = PBXFileReference; fileEncoding = 4; lastKnownFileType = sourcecode.c.h; path = ShaderTypes.h; sourceTree = "<group>"; };
		B3121A412266381A00D2D913 /* ChartShaders.metal */ = {isa = PBXFileReference; fileEncoding = 4; lastKnownFileType = sourcecode.metal; path = ChartShaders.metal; sourceTree = "<group>"; };
		B3121A432266385B00D2D913 /* RenderingContext.swift */ = {isa = PBXFileReference; fileEncoding = 4; lastKnownFileType = sourcecode.swift; path = RenderingContext.swift; sourceTree = "<group>"; };
		B3121A452266389A00D2D913 /* ViewPort.swift */ = {isa = PBXFileReference; fileEncoding = 4; lastKnownFileType = sourcecode.swift; path = ViewPort.swift; sourceTree = "<group>"; };
		B3121A47226638D700D2D913 /* DimensionsConverter.swift */ = {isa = PBXFileReference; fileEncoding = 4; lastKnownFileType = sourcecode.swift; path = DimensionsConverter.swift; sourceTree = "<group>"; };
		B3121A492266399100D2D913 /* CollectionUtils.swift */ = {isa = PBXFileReference; fileEncoding = 4; lastKnownFileType = sourcecode.swift; path = CollectionUtils.swift; sourceTree = "<group>"; };
		B38505872267764D003C8202 /* RawModels.swift */ = {isa = PBXFileReference; fileEncoding = 4; lastKnownFileType = sourcecode.swift; path = RawModels.swift; sourceTree = "<group>"; };
		B38505882267764D003C8202 /* LogicCanvas.swift */ = {isa = PBXFileReference; fileEncoding = 4; lastKnownFileType = sourcecode.swift; path = LogicCanvas.swift; sourceTree = "<group>"; };
		B38505892267764D003C8202 /* UIModels.swift */ = {isa = PBXFileReference; fileEncoding = 4; lastKnownFileType = sourcecode.swift; path = UIModels.swift; sourceTree = "<group>"; };
		B385058A2267764D003C8202 /* Models.swift */ = {isa = PBXFileReference; fileEncoding = 4; lastKnownFileType = sourcecode.swift; path = Models.swift; sourceTree = "<group>"; };
		B385058B2267764D003C8202 /* PathModels.swift */ = {isa = PBXFileReference; fileEncoding = 4; lastKnownFileType = sourcecode.swift; path = PathModels.swift; sourceTree = "<group>"; };
		B385058C2267764D003C8202 /* TestModels.swift */ = {isa = PBXFileReference; fileEncoding = 4; lastKnownFileType = sourcecode.swift; path = TestModels.swift; sourceTree = "<group>"; };
		B385058E2267764D003C8202 /* Extentions.swift */ = {isa = PBXFileReference; fileEncoding = 4; lastKnownFileType = sourcecode.swift; path = Extentions.swift; sourceTree = "<group>"; };
		B385058F2267764D003C8202 /* NSError+z42.swift */ = {isa = PBXFileReference; fileEncoding = 4; lastKnownFileType = sourcecode.swift; path = "NSError+z42.swift"; sourceTree = "<group>"; };
		B38505902267764D003C8202 /* UIColor+z42.swift */ = {isa = PBXFileReference; fileEncoding = 4; lastKnownFileType = sourcecode.swift; path = "UIColor+z42.swift"; sourceTree = "<group>"; };
		B385059A2267939C003C8202 /* chart_data.json */ = {isa = PBXFileReference; fileEncoding = 4; lastKnownFileType = text.json; path = chart_data.json; sourceTree = "<group>"; };
		E2DCE0EA22693118001C04CE /* PlaneRenderer.swift */ = {isa = PBXFileReference; fileEncoding = 4; lastKnownFileType = sourcecode.swift; path = PlaneRenderer.swift; sourceTree = "<group>"; };
/* End PBXFileReference section */

/* Begin PBXFrameworksBuildPhase section */
		B3121A11226635E300D2D913 /* Frameworks */ = {
			isa = PBXFrameworksBuildPhase;
			buildActionMask = 2147483647;
			files = (
				B3121A2B2266363000D2D913 /* MetalKit.framework in Frameworks */,
			);
			runOnlyForDeploymentPostprocessing = 0;
		};
/* End PBXFrameworksBuildPhase section */

/* Begin PBXGroup section */
		B3121A0B226635E300D2D913 = {
			isa = PBXGroup;
			children = (
				B3121A16226635E300D2D913 /* MtlTlgChart3 */,
				B3121A15226635E300D2D913 /* Products */,
				B3121A292266363000D2D913 /* Frameworks */,
			);
			sourceTree = "<group>";
		};
		B3121A15226635E300D2D913 /* Products */ = {
			isa = PBXGroup;
			children = (
				B3121A14226635E300D2D913 /* MtlTlgChart3.app */,
			);
			name = Products;
			sourceTree = "<group>";
		};
		B3121A16226635E300D2D913 /* MtlTlgChart3 */ = {
			isa = PBXGroup;
			children = (
				B3121A2C2266367800D2D913 /* Classes */,
				B3121A2F2266367800D2D913 /* Resources */,
				B3121A23226635E500D2D913 /* Info.plist */,
			);
			path = MtlTlgChart3;
			sourceTree = "<group>";
		};
		B3121A292266363000D2D913 /* Frameworks */ = {
			isa = PBXGroup;
			children = (
				B3121A2A2266363000D2D913 /* MetalKit.framework */,
			);
			name = Frameworks;
			sourceTree = "<group>";
		};
		B3121A2C2266367800D2D913 /* Classes */ = {
			isa = PBXGroup;
			children = (
				B385058D2267764D003C8202 /* extensions */,
				B38505862267764D003C8202 /* models */,
				B3121A492266399100D2D913 /* CollectionUtils.swift */,
				B3121A47226638D700D2D913 /* DimensionsConverter.swift */,
				B3121A452266389A00D2D913 /* ViewPort.swift */,
				B3121A432266385B00D2D913 /* RenderingContext.swift */,
				B3121A3F2266380700D2D913 /* ShaderTypes.h */,
				B3121A412266381A00D2D913 /* ChartShaders.metal */,
				E2DCE0EA22693118001C04CE /* PlaneRenderer.swift */,
				B3121A38226636CB00D2D913 /* MetalChartRenderer.swift */,
				B3121A3C226637C100D2D913 /* ChartData.swift */,
				B3121A3B2266378900D2D913 /* ChartBridging-Header.h */,
				B3121A2D2266367800D2D913 /* AppDelegate.swift */,
				B3121A2E2266367800D2D913 /* ViewController.swift */,
			);
			path = Classes;
			sourceTree = "<group>";
		};
		B3121A2F2266367800D2D913 /* Resources */ = {
			isa = PBXGroup;
			children = (
				B385059A2267939C003C8202 /* chart_data.json */,
				B3121A312266367800D2D913 /* Main.storyboard */,
				B3121A302266367800D2D913 /* LaunchScreen.storyboard */,
				B3121A322266367800D2D913 /* Assets.xcassets */,
			);
			path = Resources;
			sourceTree = "<group>";
		};
		B38505862267764D003C8202 /* models */ = {
			isa = PBXGroup;
			children = (
				B38505872267764D003C8202 /* RawModels.swift */,
				B38505882267764D003C8202 /* LogicCanvas.swift */,
				B38505892267764D003C8202 /* UIModels.swift */,
				B385058A2267764D003C8202 /* Models.swift */,
				B385058B2267764D003C8202 /* PathModels.swift */,
				B385058C2267764D003C8202 /* TestModels.swift */,
			);
			path = models;
			sourceTree = "<group>";
		};
		B385058D2267764D003C8202 /* extensions */ = {
			isa = PBXGroup;
			children = (
				B385058E2267764D003C8202 /* Extentions.swift */,
				B385058F2267764D003C8202 /* NSError+z42.swift */,
				B38505902267764D003C8202 /* UIColor+z42.swift */,
			);
			path = extensions;
			sourceTree = "<group>";
		};
/* End PBXGroup section */

/* Begin PBXNativeTarget section */
		B3121A13226635E300D2D913 /* MtlTlgChart3 */ = {
			isa = PBXNativeTarget;
			buildConfigurationList = B3121A26226635E500D2D913 /* Build configuration list for PBXNativeTarget "MtlTlgChart3" */;
			buildPhases = (
				B3121A10226635E300D2D913 /* Sources */,
				B3121A11226635E300D2D913 /* Frameworks */,
				B3121A12226635E300D2D913 /* Resources */,
			);
			buildRules = (
			);
			dependencies = (
			);
			name = MtlTlgChart3;
			productName = MtlTlgChart3;
			productReference = B3121A14226635E300D2D913 /* MtlTlgChart3.app */;
			productType = "com.apple.product-type.application";
		};
/* End PBXNativeTarget section */

/* Begin PBXProject section */
		B3121A0C226635E300D2D913 /* Project object */ = {
			isa = PBXProject;
			attributes = {
				LastSwiftUpdateCheck = 1010;
				LastUpgradeCheck = 1010;
				ORGANIZATIONNAME = Leonid;
				TargetAttributes = {
					B3121A13226635E300D2D913 = {
						CreatedOnToolsVersion = 10.1;
					};
				};
			};
			buildConfigurationList = B3121A0F226635E300D2D913 /* Build configuration list for PBXProject "MtlTlgChart3" */;
			compatibilityVersion = "Xcode 9.3";
			developmentRegion = en;
			hasScannedForEncodings = 0;
			knownRegions = (
				en,
				Base,
			);
			mainGroup = B3121A0B226635E300D2D913;
			productRefGroup = B3121A15226635E300D2D913 /* Products */;
			projectDirPath = "";
			projectRoot = "";
			targets = (
				B3121A13226635E300D2D913 /* MtlTlgChart3 */,
			);
		};
/* End PBXProject section */

/* Begin PBXResourcesBuildPhase section */
		B3121A12226635E300D2D913 /* Resources */ = {
			isa = PBXResourcesBuildPhase;
			buildActionMask = 2147483647;
			files = (
				B3121A352266367800D2D913 /* LaunchScreen.storyboard in Resources */,
				B3121A372266367800D2D913 /* Assets.xcassets in Resources */,
				B385059B2267939C003C8202 /* chart_data.json in Resources */,
				B3121A362266367800D2D913 /* Main.storyboard in Resources */,
			);
			runOnlyForDeploymentPostprocessing = 0;
		};
/* End PBXResourcesBuildPhase section */

/* Begin PBXSourcesBuildPhase section */
		B3121A10226635E300D2D913 /* Sources */ = {
			isa = PBXSourcesBuildPhase;
			buildActionMask = 2147483647;
			files = (
				B38505982267764D003C8202 /* NSError+z42.swift in Sources */,
				B3121A442266385B00D2D913 /* RenderingContext.swift in Sources */,
				B38505942267764D003C8202 /* Models.swift in Sources */,
				B3121A4A2266399100D2D913 /* CollectionUtils.swift in Sources */,
				B3121A462266389A00D2D913 /* ViewPort.swift in Sources */,
				E2DCE0EB22693118001C04CE /* PlaneRenderer.swift in Sources */,
				B3121A342266367800D2D913 /* ViewController.swift in Sources */,
				B38505912267764D003C8202 /* RawModels.swift in Sources */,
				B38505922267764D003C8202 /* LogicCanvas.swift in Sources */,
				B3121A39226636CB00D2D913 /* MetalChartRenderer.swift in Sources */,
				B38505962267764D003C8202 /* TestModels.swift in Sources */,
				B38505952267764D003C8202 /* PathModels.swift in Sources */,
				B3121A3D226637C100D2D913 /* ChartData.swift in Sources */,
				B38505992267764D003C8202 /* UIColor+z42.swift in Sources */,
				B3121A332266367800D2D913 /* AppDelegate.swift in Sources */,
				B38505972267764D003C8202 /* Extentions.swift in Sources */,
				B3121A422266381A00D2D913 /* ChartShaders.metal in Sources */,
				B3121A48226638D700D2D913 /* DimensionsConverter.swift in Sources */,
				B38505932267764D003C8202 /* UIModels.swift in Sources */,
			);
			runOnlyForDeploymentPostprocessing = 0;
		};
/* End PBXSourcesBuildPhase section */

/* Begin XCBuildConfiguration section */
		B3121A24226635E500D2D913 /* Debug */ = {
			isa = XCBuildConfiguration;
			buildSettings = {
				ALWAYS_SEARCH_USER_PATHS = NO;
				CLANG_ANALYZER_NONNULL = YES;
				CLANG_ANALYZER_NUMBER_OBJECT_CONVERSION = YES_AGGRESSIVE;
				CLANG_CXX_LANGUAGE_STANDARD = "gnu++14";
				CLANG_CXX_LIBRARY = "libc++";
				CLANG_ENABLE_MODULES = YES;
				CLANG_ENABLE_OBJC_ARC = YES;
				CLANG_ENABLE_OBJC_WEAK = YES;
				CLANG_WARN_BLOCK_CAPTURE_AUTORELEASING = YES;
				CLANG_WARN_BOOL_CONVERSION = YES;
				CLANG_WARN_COMMA = YES;
				CLANG_WARN_CONSTANT_CONVERSION = YES;
				CLANG_WARN_DEPRECATED_OBJC_IMPLEMENTATIONS = YES;
				CLANG_WARN_DIRECT_OBJC_ISA_USAGE = YES_ERROR;
				CLANG_WARN_DOCUMENTATION_COMMENTS = YES;
				CLANG_WARN_EMPTY_BODY = YES;
				CLANG_WARN_ENUM_CONVERSION = YES;
				CLANG_WARN_INFINITE_RECURSION = YES;
				CLANG_WARN_INT_CONVERSION = YES;
				CLANG_WARN_NON_LITERAL_NULL_CONVERSION = YES;
				CLANG_WARN_OBJC_IMPLICIT_RETAIN_SELF = YES;
				CLANG_WARN_OBJC_LITERAL_CONVERSION = YES;
				CLANG_WARN_OBJC_ROOT_CLASS = YES_ERROR;
				CLANG_WARN_RANGE_LOOP_ANALYSIS = YES;
				CLANG_WARN_STRICT_PROTOTYPES = YES;
				CLANG_WARN_SUSPICIOUS_MOVE = YES;
				CLANG_WARN_UNGUARDED_AVAILABILITY = YES_AGGRESSIVE;
				CLANG_WARN_UNREACHABLE_CODE = YES;
				CLANG_WARN__DUPLICATE_METHOD_MATCH = YES;
				CODE_SIGN_IDENTITY = "iPhone Developer";
				COPY_PHASE_STRIP = NO;
				DEBUG_INFORMATION_FORMAT = dwarf;
				ENABLE_STRICT_OBJC_MSGSEND = YES;
				ENABLE_TESTABILITY = YES;
				GCC_C_LANGUAGE_STANDARD = gnu11;
				GCC_DYNAMIC_NO_PIC = NO;
				GCC_NO_COMMON_BLOCKS = YES;
				GCC_OPTIMIZATION_LEVEL = 0;
				GCC_PREPROCESSOR_DEFINITIONS = (
					"DEBUG=1",
					"$(inherited)",
				);
				GCC_WARN_64_TO_32_BIT_CONVERSION = YES;
				GCC_WARN_ABOUT_RETURN_TYPE = YES_ERROR;
				GCC_WARN_UNDECLARED_SELECTOR = YES;
				GCC_WARN_UNINITIALIZED_AUTOS = YES_AGGRESSIVE;
				GCC_WARN_UNUSED_FUNCTION = YES;
				GCC_WARN_UNUSED_VARIABLE = YES;
				IPHONEOS_DEPLOYMENT_TARGET = 10.3;
				MTL_ENABLE_DEBUG_INFO = INCLUDE_SOURCE;
				MTL_FAST_MATH = YES;
				ONLY_ACTIVE_ARCH = YES;
				SDKROOT = iphoneos;
				SWIFT_ACTIVE_COMPILATION_CONDITIONS = DEBUG;
				SWIFT_OPTIMIZATION_LEVEL = "-Onone";
			};
			name = Debug;
		};
		B3121A25226635E500D2D913 /* Release */ = {
			isa = XCBuildConfiguration;
			buildSettings = {
				ALWAYS_SEARCH_USER_PATHS = NO;
				CLANG_ANALYZER_NONNULL = YES;
				CLANG_ANALYZER_NUMBER_OBJECT_CONVERSION = YES_AGGRESSIVE;
				CLANG_CXX_LANGUAGE_STANDARD = "gnu++14";
				CLANG_CXX_LIBRARY = "libc++";
				CLANG_ENABLE_MODULES = YES;
				CLANG_ENABLE_OBJC_ARC = YES;
				CLANG_ENABLE_OBJC_WEAK = YES;
				CLANG_WARN_BLOCK_CAPTURE_AUTORELEASING = YES;
				CLANG_WARN_BOOL_CONVERSION = YES;
				CLANG_WARN_COMMA = YES;
				CLANG_WARN_CONSTANT_CONVERSION = YES;
				CLANG_WARN_DEPRECATED_OBJC_IMPLEMENTATIONS = YES;
				CLANG_WARN_DIRECT_OBJC_ISA_USAGE = YES_ERROR;
				CLANG_WARN_DOCUMENTATION_COMMENTS = YES;
				CLANG_WARN_EMPTY_BODY = YES;
				CLANG_WARN_ENUM_CONVERSION = YES;
				CLANG_WARN_INFINITE_RECURSION = YES;
				CLANG_WARN_INT_CONVERSION = YES;
				CLANG_WARN_NON_LITERAL_NULL_CONVERSION = YES;
				CLANG_WARN_OBJC_IMPLICIT_RETAIN_SELF = YES;
				CLANG_WARN_OBJC_LITERAL_CONVERSION = YES;
				CLANG_WARN_OBJC_ROOT_CLASS = YES_ERROR;
				CLANG_WARN_RANGE_LOOP_ANALYSIS = YES;
				CLANG_WARN_STRICT_PROTOTYPES = YES;
				CLANG_WARN_SUSPICIOUS_MOVE = YES;
				CLANG_WARN_UNGUARDED_AVAILABILITY = YES_AGGRESSIVE;
				CLANG_WARN_UNREACHABLE_CODE = YES;
				CLANG_WARN__DUPLICATE_METHOD_MATCH = YES;
				CODE_SIGN_IDENTITY = "iPhone Developer";
				COPY_PHASE_STRIP = NO;
				DEBUG_INFORMATION_FORMAT = "dwarf-with-dsym";
				ENABLE_NS_ASSERTIONS = NO;
				ENABLE_STRICT_OBJC_MSGSEND = YES;
				GCC_C_LANGUAGE_STANDARD = gnu11;
				GCC_NO_COMMON_BLOCKS = YES;
				GCC_WARN_64_TO_32_BIT_CONVERSION = YES;
				GCC_WARN_ABOUT_RETURN_TYPE = YES_ERROR;
				GCC_WARN_UNDECLARED_SELECTOR = YES;
				GCC_WARN_UNINITIALIZED_AUTOS = YES_AGGRESSIVE;
				GCC_WARN_UNUSED_FUNCTION = YES;
				GCC_WARN_UNUSED_VARIABLE = YES;
				IPHONEOS_DEPLOYMENT_TARGET = 10.3;
				MTL_ENABLE_DEBUG_INFO = NO;
				MTL_FAST_MATH = YES;
				SDKROOT = iphoneos;
				SWIFT_COMPILATION_MODE = wholemodule;
				SWIFT_OPTIMIZATION_LEVEL = "-O";
				VALIDATE_PRODUCT = YES;
			};
			name = Release;
		};
		B3121A27226635E500D2D913 /* Debug */ = {
			isa = XCBuildConfiguration;
			buildSettings = {
				ASSETCATALOG_COMPILER_APPICON_NAME = AppIcon;
				CODE_SIGN_STYLE = Manual;
				DEVELOPMENT_TEAM = 2ULV4W97N2;
				INFOPLIST_FILE = MtlTlgChart3/Info.plist;
				LD_RUNPATH_SEARCH_PATHS = (
					"$(inherited)",
					"@executable_path/Frameworks",
				);
				PRODUCT_BUNDLE_IDENTIFIER = lu.luxtrust.MtlTlgChart3;
				PRODUCT_NAME = "$(TARGET_NAME)";
				PROVISIONING_PROFILE_SPECIFIER = "LuxTrust Wildcard Development profile";
				SWIFT_OBJC_BRIDGING_HEADER = "MtlTlgChart3/Classes/ChartBridging-Header.h";
				SWIFT_VERSION = 4.2;
				TARGETED_DEVICE_FAMILY = "1,2";
			};
			name = Debug;
		};
		B3121A28226635E500D2D913 /* Release */ = {
			isa = XCBuildConfiguration;
			buildSettings = {
				ASSETCATALOG_COMPILER_APPICON_NAME = AppIcon;
				CODE_SIGN_STYLE = Manual;
				DEVELOPMENT_TEAM = "";
				INFOPLIST_FILE = MtlTlgChart3/Info.plist;
				LD_RUNPATH_SEARCH_PATHS = (
					"$(inherited)",
					"@executable_path/Frameworks",
				);
				PRODUCT_BUNDLE_IDENTIFIER = lu.luxtrust.MtlTlgChart3;
				PRODUCT_NAME = "$(TARGET_NAME)";
				PROVISIONING_PROFILE_SPECIFIER = "";
				SWIFT_OBJC_BRIDGING_HEADER = "MtlTlgChart3/Classes/ChartBridging-Header.h";
				SWIFT_VERSION = 4.2;
				TARGETED_DEVICE_FAMILY = "1,2";
			};
			name = Release;
		};
/* End XCBuildConfiguration section */

/* Begin XCConfigurationList section */
		B3121A0F226635E300D2D913 /* Build configuration list for PBXProject "MtlTlgChart3" */ = {
			isa = XCConfigurationList;
			buildConfigurations = (
				B3121A24226635E500D2D913 /* Debug */,
				B3121A25226635E500D2D913 /* Release */,
			);
			defaultConfigurationIsVisible = 0;
			defaultConfigurationName = Release;
		};
		B3121A26226635E500D2D913 /* Build configuration list for PBXNativeTarget "MtlTlgChart3" */ = {
			isa = XCConfigurationList;
			buildConfigurations = (
				B3121A27226635E500D2D913 /* Debug */,
				B3121A28226635E500D2D913 /* Release */,
			);
			defaultConfigurationIsVisible = 0;
			defaultConfigurationName = Release;
		};
/* End XCConfigurationList section */
	};
	rootObject = B3121A0C226635E300D2D913 /* Project object */;
}
